
Microsoft Visual Studio Solution File, Format Version 12.00
Project("{FAE04EC0-301F-11D3-BF4B-00C04F79EFBC}") = "LoadCoveredStripe.API", "LoadCoveredStripe.API.csproj", "{A22B8DB3-6A5C-4C01-96EA-CDBBA39D8700}"
EndProject
Global
	GlobalSection(SolutionConfigurationPlatforms) = preSolution
		Debug|Any CPU = Debug|Any CPU
		Release|Any CPU = Release|Any CPU
	EndGlobalSection
	GlobalSection(ProjectConfigurationPlatforms) = postSolution
		{A22B8DB3-6A5C-4C01-96EA-CDBBA39D8700}.Debug|Any CPU.ActiveCfg = Debug|Any CPU
		{A22B8DB3-6A5C-4C01-96EA-CDBBA39D8700}.Debug|Any CPU.Build.0 = Debug|Any CPU
		{A22B8DB3-6A5C-4C01-96EA-CDBBA39D8700}.Release|Any CPU.ActiveCfg = Release|Any CPU
		{A22B8DB3-6A5C-4C01-96EA-CDBBA39D8700}.Release|Any CPU.Build.0 = Release|Any CPU
	EndGlobalSection
EndGlobal
